
Microsoft Visual Studio Solution File, Format Version 12.00
# Visual Studio 15
VisualStudioVersion = 15.0.26730.10
MinimumVisualStudioVersion = 10.0.40219.1
Project("{8BC9CEB8-8B4A-11D0-8D11-00A0C91BC942}") = "LowestScoreDrop", "LowestScoreDrop\LowestScoreDrop.vcxproj", "{86976038-40A5-4E87-91D0-E45167AF78D9}"
EndProject
Global
	GlobalSection(SolutionConfigurationPlatforms) = preSolution
		Debug|x64 = Debug|x64
		Debug|x86 = Debug|x86
		Release|x64 = Release|x64
		Release|x86 = Release|x86
	EndGlobalSection
	GlobalSection(ProjectConfigurationPlatforms) = postSolution
		{86976038-40A5-4E87-91D0-E45167AF78D9}.Debug|x64.ActiveCfg = Debug|x64
		{86976038-40A5-4E87-91D0-E45167AF78D9}.Debug|x64.Build.0 = Debug|x64
		{86976038-40A5-4E87-91D0-E45167AF78D9}.Debug|x86.ActiveCfg = Debug|Win32
		{86976038-40A5-4E87-91D0-E45167AF78D9}.Debug|x86.Build.0 = Debug|Win32
		{86976038-40A5-4E87-91D0-E45167AF78D9}.Release|x64.ActiveCfg = Release|x64
		{86976038-40A5-4E87-91D0-E45167AF78D9}.Release|x64.Build.0 = Release|x64
		{86976038-40A5-4E87-91D0-E45167AF78D9}.Release|x86.ActiveCfg = Release|Win32
		{86976038-40A5-4E87-91D0-E45167AF78D9}.Release|x86.Build.0 = Release|Win32
	EndGlobalSection
	GlobalSection(SolutionProperties) = preSolution
		HideSolutionNode = FALSE
	EndGlobalSection
	GlobalSection(ExtensibilityGlobals) = postSolution
		SolutionGuid = {AE4D6AEC-59C5-4A79-B5F5-F1868A3A0C40}
	EndGlobalSection
EndGlobal
